<?xml version="1.0" encoding="utf-8"?>
<Project ToolsVersion="4.0" xmlns="http://schemas.microsoft.com/developer/msbuild/2003">
  <ItemGroup>
    <Filter Include="소스 파일">
      <UniqueIdentifier>{4FC737F1-C7A5-4376-A066-2A32D752A2FF}</UniqueIdentifier>
      <Extensions>cpp;c;cc;cxx;def;odl;idl;hpj;bat;asm;asmx</Extensions>
    </Filter>
    <Filter Include="헤더 파일">
      <UniqueIdentifier>{93995380-89BD-4b04-88EB-625FBE52EBFB}</UniqueIdentifier>
      <Extensions>h;hh;hpp;hxx;hm;inl;inc;ipp;xsd</Extensions>
    </Filter>
    <Filter Include="리소스 파일">
      <UniqueIdentifier>{67DA6AB6-F800-4c08-8B7A-83BB121AAD01}</UniqueIdentifier>
      <Extensions>rc;ico;cur;bmp;dlg;rc2;rct;bin;rgs;gif;jpg;jpeg;jpe;resx;tiff;tif;png;wav;mfcribbon-ms</Extensions>
    </Filter>
    <Filter Include="Algorithm_1">
      <UniqueIdentifier>{027c267f-495d-4e30-b77d-7b2f568d4056}</UniqueIdentifier>
    </Filter>
    <Filter Include="Algorithm_1\Brute_Sequence">
      <UniqueIdentifier>{94c0d378-fa06-45b0-8a4e-0ad114872cb3}</UniqueIdentifier>
    </Filter>
    <Filter Include="Algorithm_1\BFS">
      <UniqueIdentifier>{04193430-e316-405c-bcaf-13018d9b5aba}</UniqueIdentifier>
    </Filter>
    <Filter Include="Algorithm_1\Greedy">
      <UniqueIdentifier>{c1f7b30f-14b4-431b-91ae-85559224c8dc}</UniqueIdentifier>
    </Filter>
    <Filter Include="Algorithm_1\BinarySearch">
      <UniqueIdentifier>{e99f14af-7505-40ff-ba2c-377bed46e3dd}</UniqueIdentifier>
    </Filter>
    <Filter Include="Algorithm_1\SortAlgo">
      <UniqueIdentifier>{ead7b5c5-dc59-4083-bf01-dd708f35f6ff}</UniqueIdentifier>
    </Filter>
    <Filter Include="Algorithm_2">
      <UniqueIdentifier>{77f43370-f4ae-4616-8e06-708f8aacc609}</UniqueIdentifier>
    </Filter>
    <Filter Include="Algorithm_3">
      <UniqueIdentifier>{49a35199-2e19-4a39-9ee3-a83e71c6a2c2}</UniqueIdentifier>
    </Filter>
    <Filter Include="Algorithm_1\DivideAndConquer">
      <UniqueIdentifier>{8905739c-4050-4242-9bcf-777f77c71d5c}</UniqueIdentifier>
    </Filter>
    <Filter Include="Algorithm_2\DataStructure">
      <UniqueIdentifier>{35df95fa-90ee-4a5f-9a54-fa3f88fe8ce4}</UniqueIdentifier>
    </Filter>
    <Filter Include="Algorithm_2\String">
      <UniqueIdentifier>{164077b2-6d09-4508-baff-a930184ab013}</UniqueIdentifier>
    </Filter>
    <Filter Include="Algorithm_2\DP">
      <UniqueIdentifier>{a820e057-a8ff-49c2-8fd0-55295adad42a}</UniqueIdentifier>
    </Filter>
    <Filter Include="Algorithm_3\SegmentTree">
      <UniqueIdentifier>{f74f8945-efd2-4126-a8bc-33d5d654e1b1}</UniqueIdentifier>
    </Filter>
    <Filter Include="Algorithm_3\Disjoint-Set">
      <UniqueIdentifier>{73f314d4-9638-4ed5-b3ec-32d8e0ae0764}</UniqueIdentifier>
    </Filter>
    <Filter Include="Algorithm_2\Math">
      <UniqueIdentifier>{afcf2e61-cc95-46d5-a15a-00e98b860dfa}</UniqueIdentifier>
    </Filter>
  </ItemGroup>
  <ItemGroup>
    <ClCompile Include="Inequality_2529.cpp">
      <Filter>Algorithm_1\Brute_Sequence</Filter>
    </ClCompile>
    <ClCompile Include="Lotto_6603.cpp">
      <Filter>Algorithm_1\Brute_Sequence</Filter>
    </ClCompile>
    <ClCompile Include="subseq_sum_14225.cpp">
      <Filter>Algorithm_1\Brute_Sequence</Filter>
    </ClCompile>
    <ClCompile Include="Ladder_Snake_16928.cpp">
      <Filter>Algorithm_1\BFS</Filter>
    </ClCompile>
    <ClCompile Include="LoseBracket_1541.cpp">
      <Filter>Algorithm_1\Greedy</Filter>
    </ClCompile>
    <ClCompile Include="NumberCard_10815.cpp">
      <Filter>Algorithm_1\BinarySearch</Filter>
    </ClCompile>
    <ClCompile Include="WriteNextNum_1790.cpp">
      <Filter>Algorithm_1\BinarySearch</Filter>
    </ClCompile>
    <ClCompile Include="WordMath_1339.cpp">
      <Filter>Algorithm_1\Brute_Sequence</Filter>
    </ClCompile>
    <ClCompile Include="SubSeqSum2_1182.cpp">
      <Filter>Algorithm_1\Brute_Sequence</Filter>
    </ClCompile>
    <ClCompile Include="Coin0_11047.cpp">
      <Filter>Algorithm_1\Greedy</Filter>
    </ClCompile>
    <ClCompile Include="FillConferenceRoom.cpp">
      <Filter>Algorithm_1\Greedy</Filter>
    </ClCompile>
    <ClCompile Include="ATM_14888.cpp">
      <Filter>Algorithm_1\Greedy</Filter>
    </ClCompile>
    <ClCompile Include="Matrix_1080.cpp">
      <Filter>Algorithm_1\Greedy</Filter>
    </ClCompile>
    <ClCompile Include="NumberCard2_10816.cpp">
      <Filter>Algorithm_1\DivideAndConquer</Filter>
    </ClCompile>
    <ClCompile Include="PaperCount_1780.cpp">
      <Filter>Algorithm_1\DivideAndConquer</Filter>
    </ClCompile>
    <ClCompile Include="TreeOrder_2263.cpp">
      <Filter>Algorithm_1\DivideAndConquer</Filter>
    </ClCompile>
    <ClCompile Include="BubbleSort.cpp">
      <Filter>Algorithm_1\DivideAndConquer</Filter>
    </ClCompile>
    <ClCompile Include="DeathKnight_.cpp">
      <Filter>Algorithm_1\BFS</Filter>
    </ClCompile>
    <ClCompile Include="DSLR_9019.cpp">
      <Filter>Algorithm_1\BFS</Filter>
    </ClCompile>
    <ClCompile Include="StringBomb_9935.cpp">
      <Filter>Algorithm_2\DataStructure</Filter>
    </ClCompile>
    <ClCompile Include="HistogramWidth_6549.cpp">
      <Filter>Algorithm_2\DataStructure</Filter>
    </ClCompile>
    <ClCompile Include="OasisReunion_3015.cpp">
      <Filter>Algorithm_2\DataStructure</Filter>
    </ClCompile>
    <ClCompile Include="ArrayPresent_1717.cpp">
      <Filter>Algorithm_2\DataStructure</Filter>
    </ClCompile>
    <ClCompile Include="Virus_2606.cpp">
      <Filter>Algorithm_2\DataStructure</Filter>
    </ClCompile>
    <ClCompile Include="MaxHeap.cpp">
      <Filter>Algorithm_2\DataStructure</Filter>
    </ClCompile>
    <ClCompile Include="MinHeap.cpp">
      <Filter>Algorithm_2\DataStructure</Filter>
    </ClCompile>
    <ClCompile Include="PointSort_11650.cpp">
      <Filter>Algorithm_1\SortAlgo</Filter>
    </ClCompile>
    <ClCompile Include="PartialString.cpp">
      <Filter>Algorithm_2\String</Filter>
    </ClCompile>
    <ClCompile Include="KMP_findString.cpp">
      <Filter>Algorithm_2\String</Filter>
    </ClCompile>
    <ClCompile Include="Cubeditor_1701.cpp">
      <Filter>Algorithm_2\String</Filter>
    </ClCompile>
    <ClCompile Include="PrefixMatch_14426.cpp">
      <Filter>Algorithm_2\String</Filter>
    </ClCompile>
    <ClCompile Include="CycleSeq_12104.cpp">
      <Filter>Algorithm_2\String</Filter>
    </ClCompile>
    <ClCompile Include="MatrixMultiOperCount_11049.cpp">
      <Filter>Algorithm_2\DP</Filter>
    </ClCompile>
    <ClCompile Include="GookYongSoo.cpp">
      <Filter>Algorithm_1\SortAlgo</Filter>
    </ClCompile>
    <ClCompile Include="Algo_test.cpp">
      <Filter>소스 파일</Filter>
    </ClCompile>
    <ClCompile Include="Tetronomino_14500.cpp">
      <Filter>Algorithm_1\Brute_Sequence</Filter>
    </ClCompile>
    <ClCompile Include="BabyShark_16236.cpp">
      <Filter>Algorithm_1\BFS</Filter>
    </ClCompile>
    <ClCompile Include="Z_1974.cpp">
      <Filter>Algorithm_1\DivideAndConquer</Filter>
    </ClCompile>
    <ClCompile Include="SegementSum_2042.cpp">
      <Filter>Algorithm_3\SegmentTree</Filter>
    </ClCompile>
    <ClCompile Include="GoTrip_1976.cpp">
      <Filter>Algorithm_3\Disjoint-Set</Filter>
    </ClCompile>
    <ClCompile Include="PhoneNumberList_5052.cpp">
      <Filter>Algorithm_2\String</Filter>
    </ClCompile>
    <ClCompile Include="Teach_1062.cpp">
      <Filter>Algorithm_1\Brute_Sequence</Filter>
    </ClCompile>
    <ClCompile Include="MaxMin_2357.cpp">
      <Filter>Algorithm_3\SegmentTree</Filter>
    </ClCompile>
    <ClCompile Include="FriendsNetwork_4195.cpp">
      <Filter>Algorithm_3\Disjoint-Set</Filter>
    </ClCompile>
    <ClCompile Include="StringArrayCheck_9250.cpp">
      <Filter>Algorithm_2\String</Filter>
    </ClCompile>
    <ClCompile Include="CutLen_1654.cpp">
      <Filter>Algorithm_1\BinarySearch</Filter>
    </ClCompile>
    <ClCompile Include="Move_11048.cpp">
      <Filter>Algorithm_2\DP</Filter>
    </ClCompile>
    <ClCompile Include="StartAndLink_14889.cpp">
      <Filter>Algorithm_1\Brute_Sequence</Filter>
    </ClCompile>
    <ClCompile Include="TwoCoin_16197.cpp">
      <Filter>Algorithm_1\Brute_Sequence</Filter>
    </ClCompile>
    <ClCompile Include="MarbleEscape_13460.cpp">
      <Filter>Algorithm_1\Brute_Sequence</Filter>
    </ClCompile>
    <ClCompile Include="BreakWallMove2_14442.cpp">
      <Filter>Algorithm_1\BFS</Filter>
    </ClCompile>
    <ClCompile Include="BulbSwitch_2138.cpp">
      <Filter>Algorithm_1\Greedy</Filter>
    </ClCompile>
    <ClCompile Include="DivideFourGraph_1891.cpp">
      <Filter>Algorithm_1\DivideAndConquer</Filter>
    </ClCompile>
    <ClCompile Include="Multi_1629.cpp">
      <Filter>Algorithm_2\Math</Filter>
    </ClCompile>
    <ClCompile Include="AgeSort_10814.cpp">
      <Filter>Algorithm_1\SortAlgo</Filter>
    </ClCompile>
    <ClCompile Include="SquaredMatrix_10830.cpp">
      <Filter>Algorithm_2\Math</Filter>
    </ClCompile>
    <ClCompile Include="CutTree_2805.cpp">
      <Filter>Algorithm_1\BinarySearch</Filter>
    </ClCompile>
    <ClCompile Include="AsciiStreet_2809.cpp">
      <Filter>Algorithm_2\String</Filter>
    </ClCompile>
    <ClCompile Include="jump_11060.cpp">
      <Filter>Algorithm_2\DP</Filter>
    </ClCompile>
    <ClCompile Include="LeaveCompany_15486.cpp">
      <Filter>Algorithm_2\DP</Filter>
    </ClCompile>
    <ClCompile Include="Pelindrome_10942.cpp">
      <Filter>Algorithm_2\DP</Filter>
    </ClCompile>
    <ClCompile Include="MergeFile_11066.cpp">
      <Filter>Algorithm_2\DP</Filter>
    </ClCompile>
  </ItemGroup>
</Project>